{
  "name": "xtal-material",
  "version": "0.0.29",
  "lockfileVersion": 1,
  "requires": true,
  "dependencies": {
    "@types/node": {
      "version": "10.1.0",
      "resolved": "https://registry.npmjs.org/@types/node/-/node-10.1.0.tgz",
      "integrity": "sha512-sELcX/cJHwRp8kn4hYSvBxKGJ+ubl3MvS8VJQe5gz/sp7CifYxsiCxIJ35wMIYyGVMgfO2AzRa8UcVReAcJRlw==",
      "dev": true
    },
    "@webcomponents/webcomponentsjs": {
      "version": "2.0.0",
      "resolved": "https://registry.npmjs.org/@webcomponents/webcomponentsjs/-/webcomponentsjs-2.0.0.tgz",
      "integrity": "sha512-f6izmesHd8E+rL32tftlXZmz1EAL+lLn8AUex0mJFLe39z53iTFNCqxAYsMmCA/QSGP+8X6D1it/JbuVl1jOHA==",
      "dev": true
    },
    "bra-ket": {
      "version": "0.0.8",
      "resolved": "https://registry.npmjs.org/bra-ket/-/bra-ket-0.0.8.tgz",
      "integrity": "sha512-8cOqrrmUaGZhZbgDp3dhJ/U8fwv1UxBZLifj+qj33oUluUO7YIu4yTpMJjhteR4qK6GJjXBZSCZdyZnMZxJnlg==",
      "requires": {
        "templ-mount": "0.0.32"
      },
      "dependencies": {
        "templ-mount": {
          "version": "0.0.32",
          "resolved": "https://registry.npmjs.org/templ-mount/-/templ-mount-0.0.32.tgz",
          "integrity": "sha512-HZknTAKdZDMz4sgzcRKkayKf/7wPJqVuBpSNXN39yfb8b8EBlssqLvdfYR564F4Efok9wUWmMc5cO66+ay9m9g=="
        }
      }
    },
    "jiife": {
      "version": "0.0.4",
      "resolved": "https://registry.npmjs.org/jiife/-/jiife-0.0.4.tgz",
      "integrity": "sha512-BubRxE1DCPN5rUXcdObEPncX23qJpCTZ6zolfqPS0rJTg+Vos9Lnt6rZqhXLHRbBvmNpqwFG1XA4LYEC3AEq4g==",
      "dev": true
    },
    "templ-mount": {
      "version": "0.0.40",
      "resolved": "https://registry.npmjs.org/templ-mount/-/templ-mount-0.0.40.tgz",
      "integrity": "sha512-yHR9+VJBv7rSKP3UqWd85M7r4wtWkuGjiSTmOf6yDG5yTFLttV7BZGwhC4aUyrZzSlUjsVfijctp91135I6HXQ=="
    },
    "xtal-latx": {
      "version": "0.0.20",
      "resolved": "https://registry.npmjs.org/xtal-latx/-/xtal-latx-0.0.20.tgz",
      "integrity": "sha512-AB3RLtDvI4Braqtlp1pJPIA8/y1H2VyoQBp2ycxasFWeUZ3atrCyUYnPcGnTE4TWph3ni0GoJDC+SMd3v4FXeg=="
    }
  }
}
