{
  "name": "xtal-material",
  "version": "0.0.29",
  "lockfileVersion": 1,
  "requires": true,
  "dependencies": {
    "@types/node": {
      "version": "10.1.0",
      "resolved": "https://registry.npmjs.org/@types/node/-/node-10.1.0.tgz",
      "integrity": "sha512-sELcX/cJHwRp8kn4hYSvBxKGJ+ubl3MvS8VJQe5gz/sp7CifYxsiCxIJ35wMIYyGVMgfO2AzRa8UcVReAcJRlw==",
      "dev": true
    },
    "@webcomponents/webcomponentsjs": {
      "version": "2.0.0",
      "resolved": "https://registry.npmjs.org/@webcomponents/webcomponentsjs/-/webcomponentsjs-2.0.0.tgz",
      "integrity": "sha512-f6izmesHd8E+rL32tftlXZmz1EAL+lLn8AUex0mJFLe39z53iTFNCqxAYsMmCA/QSGP+8X6D1it/JbuVl1jOHA==",
      "dev": true
    },
    "bra-ket": {
      "version": "0.0.9",
      "resolved": "https://registry.npmjs.org/bra-ket/-/bra-ket-0.0.9.tgz",
      "integrity": "sha512-+40Amr4grFzAJgZIdBDdA1rg1Lc8i9oL9C/DaNarqpzINaO0Qq1bdoWd7AGZDBMLNwyNtGrZfJtJiPwHOs3+zQ==",
      "requires": {
        "templ-mount": "0.0.40"
      }
    },
    "jiife": {
      "version": "0.0.4",
      "resolved": "https://registry.npmjs.org/jiife/-/jiife-0.0.4.tgz",
      "integrity": "sha512-BubRxE1DCPN5rUXcdObEPncX23qJpCTZ6zolfqPS0rJTg+Vos9Lnt6rZqhXLHRbBvmNpqwFG1XA4LYEC3AEq4g==",
      "dev": true
    },
    "templ-mount": {
      "version": "0.0.40",
      "resolved": "https://registry.npmjs.org/templ-mount/-/templ-mount-0.0.40.tgz",
      "integrity": "sha512-yHR9+VJBv7rSKP3UqWd85M7r4wtWkuGjiSTmOf6yDG5yTFLttV7BZGwhC4aUyrZzSlUjsVfijctp91135I6HXQ=="
    },
    "xtal-latx": {
      "version": "0.0.26",
      "resolved": "https://registry.npmjs.org/xtal-latx/-/xtal-latx-0.0.26.tgz",
      "integrity": "sha512-GXUvYicEA2qeuJON5wad6e4XCn4e81o6SHgTkmydFHhAj2bOjLHpxkbunNP2lghWxq3cpWqTCPTNkJIjHMndmA=="
    }
  }
}
